{
    "_readme": [
        "This file locks the dependencies of your project to a known state",
        "Read more about it at https://getcomposer.org/doc/01-basic-usage.md#installing-dependencies",
        "This file is @generated automatically"
    ],
    "content-hash": "d928b01141e293a11b0c78f58f91331d",
    "packages": [
        {
            "name": "mkrawczyk/funquery",
            "version": "v1.9.2",
            "source": {
                "type": "git",
                "url": "https://github.com/matrix0123456789/fun-query.git",
                "reference": "bb5c5f4a4469e9192e27812d19128f9cb594e9ce"
            },
            "dist": {
                "type": "zip",
                "url": "https://api.github.com/repos/matrix0123456789/fun-query/zipball/bb5c5f4a4469e9192e27812d19128f9cb594e9ce",
                "reference": "bb5c5f4a4469e9192e27812d19128f9cb594e9ce",
                "shasum": ""
            },
            "require": {
                "ext-json": "*",
                "php": ">=7.4.0"
            },
            "require-dev": {
                "phpunit/phpunit": "^8.5.2"
            },
            "type": "library",
            "autoload": {
                "psr-4": {
                    "MKrawczyk\\FunQuery\\": "src/"
                }
            },
            "notification-url": "https://packagist.org/downloads/",
            "license": [
                "MIT"
            ],
            "authors": [
                {
                    "name": "Mateusz Krawczyk"
                }
            ],
            "support": {
                "issues": "https://github.com/matrix0123456789/fun-query/issues",
                "source": "https://github.com/matrix0123456789/fun-query/tree/v1.9.2"
            },
            "time": "2022-04-15T10:33:53+00:00"
        },
        {
            "name": "mkrawczyk/mpts",
            "version": "v0.1.13",
            "source": {
                "type": "git",
                "url": "https://github.com/GreenCodeStudio/mpts-php.git",
                "reference": "630a2da2e887592414e6156d7becfb3940d8c9d1"
            },
            "dist": {
                "type": "zip",
                "url": "https://api.github.com/repos/GreenCodeStudio/mpts-php/zipball/630a2da2e887592414e6156d7becfb3940d8c9d1",
                "reference": "630a2da2e887592414e6156d7becfb3940d8c9d1",
                "shasum": ""
            },
            "require": {
                "ext-dom": "*",
                "mkrawczyk/funquery": "v1.9.2"
            },
            "require-dev": {
                "phpunit/phpunit": "^9.5.20"
            },
            "type": "library",
            "autoload": {
                "psr-4": {
                    "MKrawczyk\\Mpts\\": "src/"
                }
            },
            "notification-url": "https://packagist.org/downloads/",
            "license": [
                "MIT"
            ],
            "authors": [
                {
                    "name": "Mateusz Krawczyk",
                    "email": "mateuszkrawczyk1996@gmail.com"
                }
            ],
            "support": {
                "issues": "https://github.com/GreenCodeStudio/mpts-php/issues",
                "source": "https://github.com/GreenCodeStudio/mpts-php/tree/v0.1.13"
            },
            "time": "2022-11-25T16:50:07+00:00"
        }
    ],
    "packages-dev": [],
    "aliases": [],
    "minimum-stability": "stable",
    "stability-flags": [],
    "prefer-stable": false,
    "prefer-lowest": false,
    "platform": [],
    "platform-dev": [],
    "plugin-api-version": "2.3.0"
}
